gitee.com/mirrors_CaiJimmy/hugo-theme-stack v2.6.0+incompatible h1:KGTrx8X0VWa7sbBmXAuxU1zPDhve+2uO8XjvrHHDwNQ=
gitee.com/mirrors_CaiJimmy/hugo-theme-stack v2.6.0+incompatible/go.mod h1:rxsHTvCKbWrXK3Ok8vkJwtScitcmp0nx1mldGWv8Hl8=
gitee.com/mirrors_CaiJimmy/hugo-theme-stack.git v2.6.0+incompatible h1:A4L+2cl4q/YkJV7KcAl/NvyH4mCbvk3k3uLND7BMrp0=
gitee.com/mirrors_CaiJimmy/hugo-theme-stack.git v2.6.0+incompatible/go.mod h1:33XKfJB14bNluK8UbVKW7N9Uorg8izKRmjuaLXpmxZI=
